// !$*UTF8*$!
{
	archiveVersion = 1;
	classes = {
	};
	objectVersion = 46;
	objects = {

/* Begin PBXBuildFile section */
		AA6099D81B6DBA860068DBBF /* AppDelegate.swift in Sources */ = {isa = PBXBuildFile; fileRef = AA6099D71B6DBA860068DBBF /* AppDelegate.swift */; };
		AA6099DA1B6DBA860068DBBF /* ViewController.swift in Sources */ = {isa = PBXBuildFile; fileRef = AA6099D91B6DBA860068DBBF /* ViewController.swift */; };
		AA6099DD1B6DBA860068DBBF /* Main.storyboard in Resources */ = {isa = PBXBuildFile; fileRef = AA6099DB1B6DBA860068DBBF /* Main.storyboard */; };
		AA6099DF1B6DBA860068DBBF /* Images.xcassets in Resources */ = {isa = PBXBuildFile; fileRef = AA6099DE1B6DBA860068DBBF /* Images.xcassets */; };
		AA6099E21B6DBA860068DBBF /* LaunchScreen.xib in Resources */ = {isa = PBXBuildFile; fileRef = AA6099E01B6DBA860068DBBF /* LaunchScreen.xib */; };
		AA6099F81B6DFA240068DBBF /* ImagePostEffect.swift in Sources */ = {isa = PBXBuildFile; fileRef = AA6099F71B6DFA240068DBBF /* ImagePostEffect.swift */; };
		AA6099FC1B6E0FF10068DBBF /* ChannelController.swift in Sources */ = {isa = PBXBuildFile; fileRef = AA6099FB1B6E0FF10068DBBF /* ChannelController.swift */; };
		AA609A041B6E136E0068DBBF /* SwiftyJSON.swift in Sources */ = {isa = PBXBuildFile; fileRef = AA609A021B6E136E0068DBBF /* SwiftyJSON.swift */; };
		AA609A081B6E13E00068DBBF /* HTTPController.swift in Sources */ = {isa = PBXBuildFile; fileRef = AA609A071B6E13E00068DBBF /* HTTPController.swift */; };
		AAB7A5801B6E69F400592124 /* PlayButton.swift in Sources */ = {isa = PBXBuildFile; fileRef = AAB7A57F1B6E69F400592124 /* PlayButton.swift */; };
		AAB7A5821B6E752000592124 /* HRToast+UIView.swift in Sources */ = {isa = PBXBuildFile; fileRef = AAB7A5811B6E752000592124 /* HRToast+UIView.swift */; };
		AAB7A5861B6E75D600592124 /* RepeatButton.swift in Sources */ = {isa = PBXBuildFile; fileRef = AAB7A5851B6E75D600592124 /* RepeatButton.swift */; };
		AAFB890D1BAAB0BF0016491A /* Alamofire.swift in Sources */ = {isa = PBXBuildFile; fileRef = AAFB89001BAAB0BF0016491A /* Alamofire.swift */; settings = {ASSET_TAGS = (); }; };
		AAFB890E1BAAB0BF0016491A /* Download.swift in Sources */ = {isa = PBXBuildFile; fileRef = AAFB89011BAAB0BF0016491A /* Download.swift */; settings = {ASSET_TAGS = (); }; };
		AAFB890F1BAAB0BF0016491A /* Error.swift in Sources */ = {isa = PBXBuildFile; fileRef = AAFB89021BAAB0BF0016491A /* Error.swift */; settings = {ASSET_TAGS = (); }; };
		AAFB89101BAAB0BF0016491A /* Manager.swift in Sources */ = {isa = PBXBuildFile; fileRef = AAFB89031BAAB0BF0016491A /* Manager.swift */; settings = {ASSET_TAGS = (); }; };
		AAFB89111BAAB0BF0016491A /* MultipartFormData.swift in Sources */ = {isa = PBXBuildFile; fileRef = AAFB89041BAAB0BF0016491A /* MultipartFormData.swift */; settings = {ASSET_TAGS = (); }; };
		AAFB89121BAAB0BF0016491A /* ParameterEncoding.swift in Sources */ = {isa = PBXBuildFile; fileRef = AAFB89051BAAB0BF0016491A /* ParameterEncoding.swift */; settings = {ASSET_TAGS = (); }; };
		AAFB89131BAAB0BF0016491A /* Request.swift in Sources */ = {isa = PBXBuildFile; fileRef = AAFB89061BAAB0BF0016491A /* Request.swift */; settings = {ASSET_TAGS = (); }; };
		AAFB89141BAAB0BF0016491A /* ResponseSerialization.swift in Sources */ = {isa = PBXBuildFile; fileRef = AAFB89071BAAB0BF0016491A /* ResponseSerialization.swift */; settings = {ASSET_TAGS = (); }; };
		AAFB89151BAAB0BF0016491A /* Result.swift in Sources */ = {isa = PBXBuildFile; fileRef = AAFB89081BAAB0BF0016491A /* Result.swift */; settings = {ASSET_TAGS = (); }; };
		AAFB89161BAAB0BF0016491A /* ServerTrustPolicy.swift in Sources */ = {isa = PBXBuildFile; fileRef = AAFB89091BAAB0BF0016491A /* ServerTrustPolicy.swift */; settings = {ASSET_TAGS = (); }; };
		AAFB89171BAAB0BF0016491A /* Stream.swift in Sources */ = {isa = PBXBuildFile; fileRef = AAFB890A1BAAB0BF0016491A /* Stream.swift */; settings = {ASSET_TAGS = (); }; };
		AAFB89181BAAB0BF0016491A /* Upload.swift in Sources */ = {isa = PBXBuildFile; fileRef = AAFB890B1BAAB0BF0016491A /* Upload.swift */; settings = {ASSET_TAGS = (); }; };
		AAFB89191BAAB0BF0016491A /* Validation.swift in Sources */ = {isa = PBXBuildFile; fileRef = AAFB890C1BAAB0BF0016491A /* Validation.swift */; settings = {ASSET_TAGS = (); }; };
		AAFB891C1BAAF8FF0016491A /* DoubanFMTests.swift in Sources */ = {isa = PBXBuildFile; fileRef = AAFB891B1BAAF8FF0016491A /* DoubanFMTests.swift */; settings = {ASSET_TAGS = (); }; };
		AAFB891E1BAAF9080016491A /* Info.plist in Resources */ = {isa = PBXBuildFile; fileRef = AAFB891D1BAAF9080016491A /* Info.plist */; settings = {ASSET_TAGS = (); }; };
/* End PBXBuildFile section */

/* Begin PBXContainerItemProxy section */
		AA6099E81B6DBA870068DBBF /* PBXContainerItemProxy */ = {
			isa = PBXContainerItemProxy;
			containerPortal = AA6099CA1B6DBA860068DBBF /* Project object */;
			proxyType = 1;
			remoteGlobalIDString = AA6099D11B6DBA860068DBBF;
			remoteInfo = DoubanFM;
		};
/* End PBXContainerItemProxy section */

/* Begin PBXCopyFilesBuildPhase section */
		AAFB88FB1BAA9D0C0016491A /* Embed Frameworks */ = {
			isa = PBXCopyFilesBuildPhase;
			buildActionMask = 2147483647;
			dstPath = "";
			dstSubfolderSpec = 10;
			files = (
			);
			name = "Embed Frameworks";
			runOnlyForDeploymentPostprocessing = 0;
		};
/* End PBXCopyFilesBuildPhase section */

/* Begin PBXFileReference section */
		AA6099D21B6DBA860068DBBF /* DoubanFM.app */ = {isa = PBXFileReference; explicitFileType = wrapper.application; includeInIndex = 0; path = DoubanFM.app; sourceTree = BUILT_PRODUCTS_DIR; };
		AA6099D61B6DBA860068DBBF /* Info.plist */ = {isa = PBXFileReference; lastKnownFileType = text.plist.xml; path = Info.plist; sourceTree = "<group>"; };
		AA6099D71B6DBA860068DBBF /* AppDelegate.swift */ = {isa = PBXFileReference; lastKnownFileType = sourcecode.swift; path = AppDelegate.swift; sourceTree = "<group>"; };
		AA6099D91B6DBA860068DBBF /* ViewController.swift */ = {isa = PBXFileReference; lastKnownFileType = sourcecode.swift; path = ViewController.swift; sourceTree = "<group>"; };
		AA6099DC1B6DBA860068DBBF /* Base */ = {isa = PBXFileReference; lastKnownFileType = file.storyboard; name = Base; path = Base.lproj/Main.storyboard; sourceTree = "<group>"; };
		AA6099DE1B6DBA860068DBBF /* Images.xcassets */ = {isa = PBXFileReference; lastKnownFileType = folder.assetcatalog; path = Images.xcassets; sourceTree = "<group>"; };
		AA6099E11B6DBA860068DBBF /* Base */ = {isa = PBXFileReference; lastKnownFileType = file.xib; name = Base; path = Base.lproj/LaunchScreen.xib; sourceTree = "<group>"; };
		AA6099E71B6DBA870068DBBF /* DoubanFMTests.xctest */ = {isa = PBXFileReference; explicitFileType = wrapper.cfbundle; includeInIndex = 0; path = DoubanFMTests.xctest; sourceTree = BUILT_PRODUCTS_DIR; };
		AA6099F71B6DFA240068DBBF /* ImagePostEffect.swift */ = {isa = PBXFileReference; fileEncoding = 4; lastKnownFileType = sourcecode.swift; path = ImagePostEffect.swift; sourceTree = "<group>"; };
		AA6099FB1B6E0FF10068DBBF /* ChannelController.swift */ = {isa = PBXFileReference; fileEncoding = 4; lastKnownFileType = sourcecode.swift; name = ChannelController.swift; path = ../ChannelController.swift; sourceTree = "<group>"; };
		AA609A021B6E136E0068DBBF /* SwiftyJSON.swift */ = {isa = PBXFileReference; fileEncoding = 4; lastKnownFileType = sourcecode.swift; path = SwiftyJSON.swift; sourceTree = "<group>"; };
		AA609A071B6E13E00068DBBF /* HTTPController.swift */ = {isa = PBXFileReference; fileEncoding = 4; lastKnownFileType = sourcecode.swift; name = HTTPController.swift; path = ../HTTPController.swift; sourceTree = "<group>"; };
		AAB7A57F1B6E69F400592124 /* PlayButton.swift */ = {isa = PBXFileReference; fileEncoding = 4; lastKnownFileType = sourcecode.swift; path = PlayButton.swift; sourceTree = "<group>"; };
		AAB7A5811B6E752000592124 /* HRToast+UIView.swift */ = {isa = PBXFileReference; fileEncoding = 4; lastKnownFileType = sourcecode.swift; path = "HRToast+UIView.swift"; sourceTree = "<group>"; };
		AAB7A5851B6E75D600592124 /* RepeatButton.swift */ = {isa = PBXFileReference; fileEncoding = 4; lastKnownFileType = sourcecode.swift; name = RepeatButton.swift; path = ../RepeatButton.swift; sourceTree = "<group>"; };
		AAFB89001BAAB0BF0016491A /* Alamofire.swift */ = {isa = PBXFileReference; fileEncoding = 4; lastKnownFileType = sourcecode.swift; name = Alamofire.swift; path = Alamofire/Alamofire.swift; sourceTree = "<group>"; };
		AAFB89011BAAB0BF0016491A /* Download.swift */ = {isa = PBXFileReference; fileEncoding = 4; lastKnownFileType = sourcecode.swift; name = Download.swift; path = Alamofire/Download.swift; sourceTree = "<group>"; };
		AAFB89021BAAB0BF0016491A /* Error.swift */ = {isa = PBXFileReference; fileEncoding = 4; lastKnownFileType = sourcecode.swift; name = Error.swift; path = Alamofire/Error.swift; sourceTree = "<group>"; };
		AAFB89031BAAB0BF0016491A /* Manager.swift */ = {isa = PBXFileReference; fileEncoding = 4; lastKnownFileType = sourcecode.swift; name = Manager.swift; path = Alamofire/Manager.swift; sourceTree = "<group>"; };
		AAFB89041BAAB0BF0016491A /* MultipartFormData.swift */ = {isa = PBXFileReference; fileEncoding = 4; lastKnownFileType = sourcecode.swift; name = MultipartFormData.swift; path = Alamofire/MultipartFormData.swift; sourceTree = "<group>"; };
		AAFB89051BAAB0BF0016491A /* ParameterEncoding.swift */ = {isa = PBXFileReference; fileEncoding = 4; lastKnownFileType = sourcecode.swift; name = ParameterEncoding.swift; path = Alamofire/ParameterEncoding.swift; sourceTree = "<group>"; };
		AAFB89061BAAB0BF0016491A /* Request.swift */ = {isa = PBXFileReference; fileEncoding = 4; lastKnownFileType = sourcecode.swift; name = Request.swift; path = Alamofire/Request.swift; sourceTree = "<group>"; };
		AAFB89071BAAB0BF0016491A /* ResponseSerialization.swift */ = {isa = PBXFileReference; fileEncoding = 4; lastKnownFileType = sourcecode.swift; name = ResponseSerialization.swift; path = Alamofire/ResponseSerialization.swift; sourceTree = "<group>"; };
		AAFB89081BAAB0BF0016491A /* Result.swift */ = {isa = PBXFileReference; fileEncoding = 4; lastKnownFileType = sourcecode.swift; name = Result.swift; path = Alamofire/Result.swift; sourceTree = "<group>"; };
		AAFB89091BAAB0BF0016491A /* ServerTrustPolicy.swift */ = {isa = PBXFileReference; fileEncoding = 4; lastKnownFileType = sourcecode.swift; name = ServerTrustPolicy.swift; path = Alamofire/ServerTrustPolicy.swift; sourceTree = "<group>"; };
		AAFB890A1BAAB0BF0016491A /* Stream.swift */ = {isa = PBXFileReference; fileEncoding = 4; lastKnownFileType = sourcecode.swift; name = Stream.swift; path = Alamofire/Stream.swift; sourceTree = "<group>"; };
		AAFB890B1BAAB0BF0016491A /* Upload.swift */ = {isa = PBXFileReference; fileEncoding = 4; lastKnownFileType = sourcecode.swift; name = Upload.swift; path = Alamofire/Upload.swift; sourceTree = "<group>"; };
		AAFB890C1BAAB0BF0016491A /* Validation.swift */ = {isa = PBXFileReference; fileEncoding = 4; lastKnownFileType = sourcecode.swift; name = Validation.swift; path = Alamofire/Validation.swift; sourceTree = "<group>"; };
		AAFB891B1BAAF8FF0016491A /* DoubanFMTests.swift */ = {isa = PBXFileReference; fileEncoding = 4; lastKnownFileType = sourcecode.swift; name = DoubanFMTests.swift; path = DoubanFMTests/DoubanFMTests.swift; sourceTree = "<group>"; };
		AAFB891D1BAAF9080016491A /* Info.plist */ = {isa = PBXFileReference; fileEncoding = 4; lastKnownFileType = text.plist.xml; name = Info.plist; path = DoubanFMTests/Info.plist; sourceTree = "<group>"; };
/* End PBXFileReference section */

/* Begin PBXFrameworksBuildPhase section */
		AA6099CF1B6DBA860068DBBF /* Frameworks */ = {
			isa = PBXFrameworksBuildPhase;
			buildActionMask = 2147483647;
			files = (
			);
			runOnlyForDeploymentPostprocessing = 0;
		};
		AA6099E41B6DBA870068DBBF /* Frameworks */ = {
			isa = PBXFrameworksBuildPhase;
			buildActionMask = 2147483647;
			files = (
			);
			runOnlyForDeploymentPostprocessing = 0;
		};
/* End PBXFrameworksBuildPhase section */

/* Begin PBXGroup section */
		AA6099C91B6DBA860068DBBF = {
			isa = PBXGroup;
			children = (
				AA6099D41B6DBA860068DBBF /* DoubanFM */,
				AAFB891A1BAAF8CB0016491A /* DoubanFMTests */,
				AA6099D31B6DBA860068DBBF /* Products */,
			);
			sourceTree = "<group>";
		};
		AA6099D31B6DBA860068DBBF /* Products */ = {
			isa = PBXGroup;
			children = (
				AA6099D21B6DBA860068DBBF /* DoubanFM.app */,
				AA6099E71B6DBA870068DBBF /* DoubanFMTests.xctest */,
			);
			name = Products;
			sourceTree = "<group>";
		};
		AA6099D41B6DBA860068DBBF /* DoubanFM */ = {
			isa = PBXGroup;
			children = (
				AA6099D71B6DBA860068DBBF /* AppDelegate.swift */,
				AA6099FB1B6E0FF10068DBBF /* ChannelController.swift */,
				AAB7A5851B6E75D600592124 /* RepeatButton.swift */,
				AAB7A57F1B6E69F400592124 /* PlayButton.swift */,
				AA609A071B6E13E00068DBBF /* HTTPController.swift */,
				AA6099F71B6DFA240068DBBF /* ImagePostEffect.swift */,
				AA6099D91B6DBA860068DBBF /* ViewController.swift */,
				AA6099DB1B6DBA860068DBBF /* Main.storyboard */,
				AA6099DE1B6DBA860068DBBF /* Images.xcassets */,
				AA6099E01B6DBA860068DBBF /* LaunchScreen.xib */,
				AA609A021B6E136E0068DBBF /* SwiftyJSON.swift */,
				AAB7A5811B6E752000592124 /* HRToast+UIView.swift */,
				AAFB89001BAAB0BF0016491A /* Alamofire.swift */,
				AAFB89011BAAB0BF0016491A /* Download.swift */,
				AAFB89021BAAB0BF0016491A /* Error.swift */,
				AAFB89031BAAB0BF0016491A /* Manager.swift */,
				AAFB89041BAAB0BF0016491A /* MultipartFormData.swift */,
				AAFB89051BAAB0BF0016491A /* ParameterEncoding.swift */,
				AAFB89061BAAB0BF0016491A /* Request.swift */,
				AAFB89071BAAB0BF0016491A /* ResponseSerialization.swift */,
				AAFB89081BAAB0BF0016491A /* Result.swift */,
				AAFB89091BAAB0BF0016491A /* ServerTrustPolicy.swift */,
				AAFB890A1BAAB0BF0016491A /* Stream.swift */,
				AAFB890B1BAAB0BF0016491A /* Upload.swift */,
				AAFB890C1BAAB0BF0016491A /* Validation.swift */,
				AA6099D51B6DBA860068DBBF /* Supporting Files */,
			);
			path = DoubanFM;
			sourceTree = "<group>";
		};
		AA6099D51B6DBA860068DBBF /* Supporting Files */ = {
			isa = PBXGroup;
			children = (
				AA6099D61B6DBA860068DBBF /* Info.plist */,
			);
			name = "Supporting Files";
			sourceTree = "<group>";
		};
		AAFB891A1BAAF8CB0016491A /* DoubanFMTests */ = {
			isa = PBXGroup;
			children = (
				AAFB891B1BAAF8FF0016491A /* DoubanFMTests.swift */,
				AAFB891F1BAAF91D0016491A /* Supporting Files */,
			);
			name = DoubanFMTests;
			sourceTree = "<group>";
		};
		AAFB891F1BAAF91D0016491A /* Supporting Files */ = {
			isa = PBXGroup;
			children = (
				AAFB891D1BAAF9080016491A /* Info.plist */,
			);
			name = "Supporting Files";
			sourceTree = "<group>";
		};
/* End PBXGroup section */

/* Begin PBXNativeTarget section */
		AA6099D11B6DBA860068DBBF /* DoubanFM */ = {
			isa = PBXNativeTarget;
			buildConfigurationList = AA6099F11B6DBA870068DBBF /* Build configuration list for PBXNativeTarget "DoubanFM" */;
			buildPhases = (
				AA6099CE1B6DBA860068DBBF /* Sources */,
				AA6099CF1B6DBA860068DBBF /* Frameworks */,
				AA6099D01B6DBA860068DBBF /* Resources */,
				AAFB88FB1BAA9D0C0016491A /* Embed Frameworks */,
			);
			buildRules = (
			);
			dependencies = (
			);
			name = DoubanFM;
			productName = DoubanFM;
			productReference = AA6099D21B6DBA860068DBBF /* DoubanFM.app */;
			productType = "com.apple.product-type.application";
		};
		AA6099E61B6DBA870068DBBF /* DoubanFMTests */ = {
			isa = PBXNativeTarget;
			buildConfigurationList = AA6099F41B6DBA870068DBBF /* Build configuration list for PBXNativeTarget "DoubanFMTests" */;
			buildPhases = (
				AA6099E31B6DBA870068DBBF /* Sources */,
				AA6099E41B6DBA870068DBBF /* Frameworks */,
				AA6099E51B6DBA870068DBBF /* Resources */,
			);
			buildRules = (
			);
			dependencies = (
				AA6099E91B6DBA870068DBBF /* PBXTargetDependency */,
			);
			name = DoubanFMTests;
			productName = DoubanFMTests;
			productReference = AA6099E71B6DBA870068DBBF /* DoubanFMTests.xctest */;
			productType = "com.apple.product-type.bundle.unit-test";
		};
/* End PBXNativeTarget section */

/* Begin PBXProject section */
		AA6099CA1B6DBA860068DBBF /* Project object */ = {
			isa = PBXProject;
			attributes = {
				LastSwiftUpdateCheck = 0700;
				LastUpgradeCheck = 0700;
				ORGANIZATIONNAME = JasonChiang;
				TargetAttributes = {
					AA6099D11B6DBA860068DBBF = {
						CreatedOnToolsVersion = 6.4;
						DevelopmentTeam = YR7XH6S84F;
						SystemCapabilities = {
							com.apple.BackgroundModes = {
								enabled = 1;
							};
						};
					};
					AA6099E61B6DBA870068DBBF = {
						CreatedOnToolsVersion = 6.4;
						TestTargetID = AA6099D11B6DBA860068DBBF;
					};
				};
			};
			buildConfigurationList = AA6099CD1B6DBA860068DBBF /* Build configuration list for PBXProject "DoubanFM" */;
			compatibilityVersion = "Xcode 3.2";
			developmentRegion = English;
			hasScannedForEncodings = 0;
			knownRegions = (
				en,
				Base,
			);
			mainGroup = AA6099C91B6DBA860068DBBF;
			productRefGroup = AA6099D31B6DBA860068DBBF /* Products */;
			projectDirPath = "";
			projectRoot = "";
			targets = (
				AA6099D11B6DBA860068DBBF /* DoubanFM */,
				AA6099E61B6DBA870068DBBF /* DoubanFMTests */,
			);
		};
/* End PBXProject section */

/* Begin PBXResourcesBuildPhase section */
		AA6099D01B6DBA860068DBBF /* Resources */ = {
			isa = PBXResourcesBuildPhase;
			buildActionMask = 2147483647;
			files = (
				AA6099DD1B6DBA860068DBBF /* Main.storyboard in Resources */,
				AA6099E21B6DBA860068DBBF /* LaunchScreen.xib in Resources */,
				AA6099DF1B6DBA860068DBBF /* Images.xcassets in Resources */,
			);
			runOnlyForDeploymentPostprocessing = 0;
		};
		AA6099E51B6DBA870068DBBF /* Resources */ = {
			isa = PBXResourcesBuildPhase;
			buildActionMask = 2147483647;
			files = (
				AAFB891E1BAAF9080016491A /* Info.plist in Resources */,
			);
			runOnlyForDeploymentPostprocessing = 0;
		};
/* End PBXResourcesBuildPhase section */

/* Begin PBXSourcesBuildPhase section */
		AA6099CE1B6DBA860068DBBF /* Sources */ = {
			isa = PBXSourcesBuildPhase;
			buildActionMask = 2147483647;
			files = (
				AAFB89181BAAB0BF0016491A /* Upload.swift in Sources */,
				AAFB89151BAAB0BF0016491A /* Result.swift in Sources */,
				AAFB89191BAAB0BF0016491A /* Validation.swift in Sources */,
				AA6099DA1B6DBA860068DBBF /* ViewController.swift in Sources */,
				AAFB89131BAAB0BF0016491A /* Request.swift in Sources */,
				AAFB89161BAAB0BF0016491A /* ServerTrustPolicy.swift in Sources */,
				AA609A081B6E13E00068DBBF /* HTTPController.swift in Sources */,
				AAFB89111BAAB0BF0016491A /* MultipartFormData.swift in Sources */,
				AAFB890E1BAAB0BF0016491A /* Download.swift in Sources */,
				AA6099F81B6DFA240068DBBF /* ImagePostEffect.swift in Sources */,
				AAFB890F1BAAB0BF0016491A /* Error.swift in Sources */,
				AAB7A5861B6E75D600592124 /* RepeatButton.swift in Sources */,
				AA609A041B6E136E0068DBBF /* SwiftyJSON.swift in Sources */,
				AAFB89141BAAB0BF0016491A /* ResponseSerialization.swift in Sources */,
				AAFB89101BAAB0BF0016491A /* Manager.swift in Sources */,
				AAB7A5821B6E752000592124 /* HRToast+UIView.swift in Sources */,
				AAFB890D1BAAB0BF0016491A /* Alamofire.swift in Sources */,
				AAB7A5801B6E69F400592124 /* PlayButton.swift in Sources */,
				AAFB89121BAAB0BF0016491A /* ParameterEncoding.swift in Sources */,
				AA6099D81B6DBA860068DBBF /* AppDelegate.swift in Sources */,
				AA6099FC1B6E0FF10068DBBF /* ChannelController.swift in Sources */,
				AAFB89171BAAB0BF0016491A /* Stream.swift in Sources */,
			);
			runOnlyForDeploymentPostprocessing = 0;
		};
		AA6099E31B6DBA870068DBBF /* Sources */ = {
			isa = PBXSourcesBuildPhase;
			buildActionMask = 2147483647;
			files = (
				AAFB891C1BAAF8FF0016491A /* DoubanFMTests.swift in Sources */,
			);
			runOnlyForDeploymentPostprocessing = 0;
		};
/* End PBXSourcesBuildPhase section */

/* Begin PBXTargetDependency section */
		AA6099E91B6DBA870068DBBF /* PBXTargetDependency */ = {
			isa = PBXTargetDependency;
			target = AA6099D11B6DBA860068DBBF /* DoubanFM */;
			targetProxy = AA6099E81B6DBA870068DBBF /* PBXContainerItemProxy */;
		};
/* End PBXTargetDependency section */

/* Begin PBXVariantGroup section */
		AA6099DB1B6DBA860068DBBF /* Main.storyboard */ = {
			isa = PBXVariantGroup;
			children = (
				AA6099DC1B6DBA860068DBBF /* Base */,
			);
			name = Main.storyboard;
			sourceTree = "<group>";
		};
		AA6099E01B6DBA860068DBBF /* LaunchScreen.xib */ = {
			isa = PBXVariantGroup;
			children = (
				AA6099E11B6DBA860068DBBF /* Base */,
			);
			name = LaunchScreen.xib;
			sourceTree = "<group>";
		};
/* End PBXVariantGroup section */

/* Begin XCBuildConfiguration section */
		AA6099EF1B6DBA870068DBBF /* Debug */ = {
			isa = XCBuildConfiguration;
			buildSettings = {
				ALWAYS_SEARCH_USER_PATHS = NO;
				CLANG_CXX_LANGUAGE_STANDARD = "gnu++0x";
				CLANG_CXX_LIBRARY = "libc++";
				CLANG_ENABLE_MODULES = YES;
				CLANG_ENABLE_OBJC_ARC = YES;
				CLANG_WARN_BOOL_CONVERSION = YES;
				CLANG_WARN_CONSTANT_CONVERSION = YES;
				CLANG_WARN_DIRECT_OBJC_ISA_USAGE = YES_ERROR;
				CLANG_WARN_EMPTY_BODY = YES;
				CLANG_WARN_ENUM_CONVERSION = YES;
				CLANG_WARN_INT_CONVERSION = YES;
				CLANG_WARN_OBJC_ROOT_CLASS = YES_ERROR;
				CLANG_WARN_UNREACHABLE_CODE = YES;
				CLANG_WARN__DUPLICATE_METHOD_MATCH = YES;
				"CODE_SIGN_IDENTITY[sdk=iphoneos*]" = "";
				COPY_PHASE_STRIP = NO;
				DEBUG_INFORMATION_FORMAT = "dwarf-with-dsym";
				ENABLE_STRICT_OBJC_MSGSEND = YES;
				ENABLE_TESTABILITY = NO;
				GCC_C_LANGUAGE_STANDARD = gnu99;
				GCC_DYNAMIC_NO_PIC = NO;
				GCC_NO_COMMON_BLOCKS = YES;
				GCC_OPTIMIZATION_LEVEL = 0;
				GCC_PREPROCESSOR_DEFINITIONS = (
					"DEBUG=1",
					"$(inherited)",
				);
				GCC_SYMBOLS_PRIVATE_EXTERN = NO;
				GCC_WARN_64_TO_32_BIT_CONVERSION = YES;
				GCC_WARN_ABOUT_RETURN_TYPE = YES_ERROR;
				GCC_WARN_UNDECLARED_SELECTOR = YES;
				GCC_WARN_UNINITIALIZED_AUTOS = YES_AGGRESSIVE;
				GCC_WARN_UNUSED_FUNCTION = YES;
				GCC_WARN_UNUSED_VARIABLE = YES;
				IPHONEOS_DEPLOYMENT_TARGET = 8.4;
				MTL_ENABLE_DEBUG_INFO = YES;
				ONLY_ACTIVE_ARCH = NO;
				SDKROOT = iphoneos;
				SWIFT_OPTIMIZATION_LEVEL = "-Onone";
			};
			name = Debug;
		};
		AA6099F01B6DBA870068DBBF /* Release */ = {
			isa = XCBuildConfiguration;
			buildSettings = {
				ALWAYS_SEARCH_USER_PATHS = NO;
				CLANG_CXX_LANGUAGE_STANDARD = "gnu++0x";
				CLANG_CXX_LIBRARY = "libc++";
				CLANG_ENABLE_MODULES = YES;
				CLANG_ENABLE_OBJC_ARC = YES;
				CLANG_WARN_BOOL_CONVERSION = YES;
				CLANG_WARN_CONSTANT_CONVERSION = YES;
				CLANG_WARN_DIRECT_OBJC_ISA_USAGE = YES_ERROR;
				CLANG_WARN_EMPTY_BODY = YES;
				CLANG_WARN_ENUM_CONVERSION = YES;
				CLANG_WARN_INT_CONVERSION = YES;
				CLANG_WARN_OBJC_ROOT_CLASS = YES_ERROR;
				CLANG_WARN_UNREACHABLE_CODE = YES;
				CLANG_WARN__DUPLICATE_METHOD_MATCH = YES;
				"CODE_SIGN_IDENTITY[sdk=iphoneos*]" = "";
				COPY_PHASE_STRIP = NO;
				DEBUG_INFORMATION_FORMAT = "dwarf-with-dsym";
				ENABLE_NS_ASSERTIONS = NO;
				ENABLE_STRICT_OBJC_MSGSEND = YES;
				GCC_C_LANGUAGE_STANDARD = gnu99;
				GCC_NO_COMMON_BLOCKS = YES;
				GCC_WARN_64_TO_32_BIT_CONVERSION = YES;
				GCC_WARN_ABOUT_RETURN_TYPE = YES_ERROR;
				GCC_WARN_UNDECLARED_SELECTOR = YES;
				GCC_WARN_UNINITIALIZED_AUTOS = YES_AGGRESSIVE;
				GCC_WARN_UNUSED_FUNCTION = YES;
				GCC_WARN_UNUSED_VARIABLE = YES;
				IPHONEOS_DEPLOYMENT_TARGET = 8.4;
				MTL_ENABLE_DEBUG_INFO = NO;
				ONLY_ACTIVE_ARCH = YES;
				SDKROOT = iphoneos;
				VALIDATE_PRODUCT = YES;
			};
			name = Release;
		};
		AA6099F21B6DBA870068DBBF /* Debug */ = {
			isa = XCBuildConfiguration;
			buildSettings = {
				ASSETCATALOG_COMPILER_APPICON_NAME = AppIcon;
				CODE_SIGN_IDENTITY = "iPhone Developer";
				"CODE_SIGN_IDENTITY[sdk=iphoneos*]" = "iPhone Developer";
				EMBEDDED_CONTENT_CONTAINS_SWIFT = YES;
				INFOPLIST_FILE = DoubanFM/Info.plist;
				IPHONEOS_DEPLOYMENT_TARGET = 8.4;
				LD_RUNPATH_SEARCH_PATHS = "$(inherited) @executable_path/Frameworks";
				ONLY_ACTIVE_ARCH = NO;
				PRODUCT_BUNDLE_IDENTIFIER = "com.jasonchiang-workshop.DoubanFM";
				PRODUCT_NAME = "$(TARGET_NAME)";
				PROVISIONING_PROFILE = "";
				SDKROOT = iphoneos9.0;
				TARGETED_DEVICE_FAMILY = 1;
			};
			name = Debug;
		};
		AA6099F31B6DBA870068DBBF /* Release */ = {
			isa = XCBuildConfiguration;
			buildSettings = {
				ASSETCATALOG_COMPILER_APPICON_NAME = AppIcon;
				CODE_SIGN_IDENTITY = "iPhone Developer";
				"CODE_SIGN_IDENTITY[sdk=iphoneos*]" = "iPhone Developer";
				EMBEDDED_CONTENT_CONTAINS_SWIFT = YES;
				INFOPLIST_FILE = DoubanFM/Info.plist;
				IPHONEOS_DEPLOYMENT_TARGET = 8.4;
				LD_RUNPATH_SEARCH_PATHS = "$(inherited) @executable_path/Frameworks";
				ONLY_ACTIVE_ARCH = NO;
				PRODUCT_BUNDLE_IDENTIFIER = "com.jasonchiang-workshop.DoubanFM";
				PRODUCT_NAME = "$(TARGET_NAME)";
				PROVISIONING_PROFILE = "";
				SDKROOT = iphoneos9.0;
				TARGETED_DEVICE_FAMILY = 1;
			};
			name = Release;
		};
		AA6099F51B6DBA870068DBBF /* Debug */ = {
			isa = XCBuildConfiguration;
			buildSettings = {
				BUNDLE_LOADER = "$(TEST_HOST)";
				CLANG_ENABLE_MODULES = YES;
				FRAMEWORK_SEARCH_PATHS = (
					"$(SDKROOT)/Developer/Library/Frameworks",
					"$(inherited)",
				);
				GCC_PREPROCESSOR_DEFINITIONS = (
					"DEBUG=1",
					"$(inherited)",
				);
				INFOPLIST_FILE = DoubanFMTests/Info.plist;
				LD_RUNPATH_SEARCH_PATHS = "$(inherited) @executable_path/Frameworks @loader_path/Frameworks";
				PRODUCT_BUNDLE_IDENTIFIER = "com.jasonchiang-workshop.$(PRODUCT_NAME:rfc1034identifier)";
				PRODUCT_NAME = "$(TARGET_NAME)";
				SWIFT_OPTIMIZATION_LEVEL = "-Onone";
				TEST_HOST = "$(BUILT_PRODUCTS_DIR)/DoubanFM.app/DoubanFM";
			};
			name = Debug;
		};
		AA6099F61B6DBA870068DBBF /* Release */ = {
			isa = XCBuildConfiguration;
			buildSettings = {
				BUNDLE_LOADER = "$(TEST_HOST)";
				CLANG_ENABLE_MODULES = YES;
				FRAMEWORK_SEARCH_PATHS = (
					"$(SDKROOT)/Developer/Library/Frameworks",
					"$(inherited)",
				);
				INFOPLIST_FILE = DoubanFMTests/Info.plist;
				LD_RUNPATH_SEARCH_PATHS = "$(inherited) @executable_path/Frameworks @loader_path/Frameworks";
				PRODUCT_BUNDLE_IDENTIFIER = "com.jasonchiang-workshop.$(PRODUCT_NAME:rfc1034identifier)";
				PRODUCT_NAME = "$(TARGET_NAME)";
				TEST_HOST = "$(BUILT_PRODUCTS_DIR)/DoubanFM.app/DoubanFM";
			};
			name = Release;
		};
/* End XCBuildConfiguration section */

/* Begin XCConfigurationList section */
		AA6099CD1B6DBA860068DBBF /* Build configuration list for PBXProject "DoubanFM" */ = {
			isa = XCConfigurationList;
			buildConfigurations = (
				AA6099EF1B6DBA870068DBBF /* Debug */,
				AA6099F01B6DBA870068DBBF /* Release */,
			);
			defaultConfigurationIsVisible = 0;
			defaultConfigurationName = Release;
		};
		AA6099F11B6DBA870068DBBF /* Build configuration list for PBXNativeTarget "DoubanFM" */ = {
			isa = XCConfigurationList;
			buildConfigurations = (
				AA6099F21B6DBA870068DBBF /* Debug */,
				AA6099F31B6DBA870068DBBF /* Release */,
			);
			defaultConfigurationIsVisible = 0;
			defaultConfigurationName = Release;
		};
		AA6099F41B6DBA870068DBBF /* Build configuration list for PBXNativeTarget "DoubanFMTests" */ = {
			isa = XCConfigurationList;
			buildConfigurations = (
				AA6099F51B6DBA870068DBBF /* Debug */,
				AA6099F61B6DBA870068DBBF /* Release */,
			);
			defaultConfigurationIsVisible = 0;
			defaultConfigurationName = Release;
		};
/* End XCConfigurationList section */
	};
	rootObject = AA6099CA1B6DBA860068DBBF /* Project object */;
}
